lockfileVersion: '9.0'

settings:
  autoInstallPeers: true
  excludeLinksFromLockfile: false

importers:

  .:
    dependencies:
      '@faker-js/faker':
        specifier: ^10.3.0
        version: 10.3.0
      dotenv:
        specifier: ^17.2.4
        version: 17.2.4
    devDependencies:
      '@playwright/test':
        specifier: ^1.58.1
        version: 1.58.1
      '@types/node':
        specifier: ^25.2.0
        version: 25.2.0

packages:

  '@faker-js/faker@10.3.0':
    resolution: {integrity: sha512-It0Sne6P3szg7JIi6CgKbvTZoMjxBZhcv91ZrqrNuaZQfB5WoqYYbzCUOq89YR+VY8juY9M1vDWmDDa2TzfXCw==}
    engines: {node: ^20.19.0 || ^22.13.0 || ^23.5.0 || >=24.0.0, npm: '>=10'}

  '@playwright/test@1.58.1':
    resolution: {integrity: sha512-6LdVIUERWxQMmUSSQi0I53GgCBYgM2RpGngCPY7hSeju+VrKjq3lvs7HpJoPbDiY5QM5EYRtRX5fvrinnMAz3w==}
    engines: {node: '>=18'}
    hasBin: true

  '@types/node@25.2.0':
    resolution: {integrity: sha512-DZ8VwRFUNzuqJ5khrvwMXHmvPe+zGayJhr2CDNiKB1WBE1ST8Djl00D0IC4vvNmHMdj6DlbYRIaFE7WHjlDl5w==}

  dotenv@17.2.4:
    resolution: {integrity: sha512-mudtfb4zRB4bVvdj0xRo+e6duH1csJRM8IukBqfTRvHotn9+LBXB8ynAidP9zHqoRC/fsllXgk4kCKlR21fIhw==}
    engines: {node: '>=12'}

  fsevents@2.3.2:
    resolution: {integrity: sha512-xiqMQR4xAeHTuB9uWm+fFRcIOgKBMiOBP+eXiyT7jsgVCq1bkVygt00oASowB7EdtpOHaaPgKt812P9ab+DDKA==}
    engines: {node: ^8.16.0 || ^10.6.0 || >=11.0.0}
    os: [darwin]

  playwright-core@1.58.1:
    resolution: {integrity: sha512-bcWzOaTxcW+VOOGBCQgnaKToLJ65d6AqfLVKEWvexyS3AS6rbXl+xdpYRMGSRBClPvyj44njOWoxjNdL/H9UNg==}
    engines: {node: '>=18'}
    hasBin: true

  playwright@1.58.1:
    resolution: {integrity: sha512-+2uTZHxSCcxjvGc5C891LrS1/NlxglGxzrC4seZiVjcYVQfUa87wBL6rTDqzGjuoWNjnBzRqKmF6zRYGMvQUaQ==}
    engines: {node: '>=18'}
    hasBin: true

  undici-types@7.16.0:
    resolution: {integrity: sha512-Zz+aZWSj8LE6zoxD+xrjh4VfkIG8Ya6LvYkZqtUQGJPZjYl53ypCaUwWqo7eI0x66KBGeRo+mlBEkMSeSZ38Nw==}

snapshots:

  '@faker-js/faker@10.3.0': {}

  '@playwright/test@1.58.1':
    dependencies:
      playwright: 1.58.1

  '@types/node@25.2.0':
    dependencies:
      undici-types: 7.16.0

  dotenv@17.2.4: {}

  fsevents@2.3.2:
    optional: true

  playwright-core@1.58.1: {}

  playwright@1.58.1:
    dependencies:
      playwright-core: 1.58.1
    optionalDependencies:
      fsevents: 2.3.2

  undici-types@7.16.0: {}
